
Microsoft Visual Studio Solution File, Format Version 12.00
# Visual Studio 15
VisualStudioVersion = 15.0.27428.2043
MinimumVisualStudioVersion = 10.0.40219.1
Project("{FAE04EC0-301F-11D3-BF4B-00C04F79EFBC}") = "IQTest", "IQTest\IQTest.csproj", "{67CA7447-2FDC-4942-8BCF-C49205014EE7}"
EndProject
Global
	GlobalSection(SolutionConfigurationPlatforms) = preSolution
		Debug|Any CPU = Debug|Any CPU
		Release|Any CPU = Release|Any CPU
	EndGlobalSection
	GlobalSection(ProjectConfigurationPlatforms) = postSolution
		{67CA7447-2FDC-4942-8BCF-C49205014EE7}.Debug|Any CPU.ActiveCfg = Debug|Any CPU
		{67CA7447-2FDC-4942-8BCF-C49205014EE7}.Debug|Any CPU.Build.0 = Debug|Any CPU
		{67CA7447-2FDC-4942-8BCF-C49205014EE7}.Release|Any CPU.ActiveCfg = Release|Any CPU
		{67CA7447-2FDC-4942-8BCF-C49205014EE7}.Release|Any CPU.Build.0 = Release|Any CPU
	EndGlobalSection
	GlobalSection(SolutionProperties) = preSolution
		HideSolutionNode = FALSE
	EndGlobalSection
	GlobalSection(ExtensibilityGlobals) = postSolution
		SolutionGuid = {35DF1300-9ACB-49C5-9C3E-EDA8158118B1}
	EndGlobalSection
EndGlobal
